# This file was autogenerated by Stack.
# You should not edit this file by hand.
# For more information, please see the documentation at:
#   https://docs.haskellstack.org/en/stable/lock_files

packages:
- completed:
    commit: 2cbf663f592ed68557fcbc478a19a94268cb3901
    git: https://github.com/circuithub/rel8
    name: rel8
    pantry-tree:
      sha256: 3bd069af7419a114864541d1ebf6a75fec6819fcb06ba442931e9e419fc312fe
      size: 13625
    version: 1.4.1.0
  original:
    commit: 2cbf663f592ed68557fcbc478a19a94268cb3901
    git: https://github.com/circuithub/rel8
snapshots:
- completed:
    sha256: ad2884d5d84ed4ea576897103606212da3be693eef30591efe2d8d2965895500
    size: 714105
    url: https://raw.githubusercontent.com/commercialhaskell/stackage-snapshots/master/lts/22/9.yaml
  original: lts-22.9
